// !$*UTF8*$!
{
	archiveVersion = 1;
	classes = {
	};
	objectVersion = 48;
	objects = {

/* Begin PBXBuildFile section */
		C6B9198820DA6EAC009427B7 /* AppDelegate.swift in Sources */ = {isa = PBXBuildFile; fileRef = C6B9198720DA6EAC009427B7 /* AppDelegate.swift */; };
		C6B9198A20DA6EAC009427B7 /* ViewController.swift in Sources */ = {isa = PBXBuildFile; fileRef = C6B9198920DA6EAC009427B7 /* ViewController.swift */; };
		C6B9198D20DA6EAC009427B7 /* Main.storyboard in Resources */ = {isa = PBXBuildFile; fileRef = C6B9198B20DA6EAC009427B7 /* Main.storyboard */; };
		C6B9199020DA6EAC009427B7 /* FirebaseAuthExample.xcdatamodeld in Sources */ = {isa = PBXBuildFile; fileRef = C6B9198E20DA6EAC009427B7 /* FirebaseAuthExample.xcdatamodeld */; };
		C6B9199220DA6EAC009427B7 /* Assets.xcassets in Resources */ = {isa = PBXBuildFile; fileRef = C6B9199120DA6EAC009427B7 /* Assets.xcassets */; };
		C6B9199520DA6EAC009427B7 /* LaunchScreen.storyboard in Resources */ = {isa = PBXBuildFile; fileRef = C6B9199320DA6EAC009427B7 /* LaunchScreen.storyboard */; };
/* End PBXBuildFile section */

/* Begin PBXFileReference section */
		C6B9198420DA6EAC009427B7 /* FirebaseAuthExample.app */ = {isa = PBXFileReference; explicitFileType = wrapper.application; includeInIndex = 0; path = FirebaseAuthExample.app; sourceTree = BUILT_PRODUCTS_DIR; };
		C6B9198720DA6EAC009427B7 /* AppDelegate.swift */ = {isa = PBXFileReference; lastKnownFileType = sourcecode.swift; path = AppDelegate.swift; sourceTree = "<group>"; };
		C6B9198920DA6EAC009427B7 /* ViewController.swift */ = {isa = PBXFileReference; lastKnownFileType = sourcecode.swift; path = ViewController.swift; sourceTree = "<group>"; };
		C6B9198C20DA6EAC009427B7 /* Base */ = {isa = PBXFileReference; lastKnownFileType = file.storyboard; name = Base; path = Base.lproj/Main.storyboard; sourceTree = "<group>"; };
		C6B9198F20DA6EAC009427B7 /* FirebaseAuthExample.xcdatamodel */ = {isa = PBXFileReference; lastKnownFileType = wrapper.xcdatamodel; path = FirebaseAuthExample.xcdatamodel; sourceTree = "<group>"; };
		C6B9199120DA6EAC009427B7 /* Assets.xcassets */ = {isa = PBXFileReference; lastKnownFileType = folder.assetcatalog; path = Assets.xcassets; sourceTree = "<group>"; };
		C6B9199420DA6EAC009427B7 /* Base */ = {isa = PBXFileReference; lastKnownFileType = file.storyboard; name = Base; path = Base.lproj/LaunchScreen.storyboard; sourceTree = "<group>"; };
		C6B9199620DA6EAC009427B7 /* Info.plist */ = {isa = PBXFileReference; lastKnownFileType = text.plist.xml; path = Info.plist; sourceTree = "<group>"; };
/* End PBXFileReference section */

/* Begin PBXFrameworksBuildPhase section */
		C6B9198120DA6EAC009427B7 /* Frameworks */ = {
			isa = PBXFrameworksBuildPhase;
			buildActionMask = 2147483647;
			files = (
			);
			runOnlyForDeploymentPostprocessing = 0;
		};
/* End PBXFrameworksBuildPhase section */

/* Begin PBXGroup section */
		C6B9197B20DA6EAC009427B7 = {
			isa = PBXGroup;
			children = (
				C6B9198620DA6EAC009427B7 /* FirebaseAuthExample */,
				C6B9198520DA6EAC009427B7 /* Products */,
			);
			sourceTree = "<group>";
		};
		C6B9198520DA6EAC009427B7 /* Products */ = {
			isa = PBXGroup;
			children = (
				C6B9198420DA6EAC009427B7 /* FirebaseAuthExample.app */,
			);
			name = Products;
			sourceTree = "<group>";
		};
		C6B9198620DA6EAC009427B7 /* FirebaseAuthExample */ = {
			isa = PBXGroup;
			children = (
				C6B9198720DA6EAC009427B7 /* AppDelegate.swift */,
				C6B9198920DA6EAC009427B7 /* ViewController.swift */,
				C6B9198B20DA6EAC009427B7 /* Main.storyboard */,
				C6B9199120DA6EAC009427B7 /* Assets.xcassets */,
				C6B9199320DA6EAC009427B7 /* LaunchScreen.storyboard */,
				C6B9199620DA6EAC009427B7 /* Info.plist */,
				C6B9198E20DA6EAC009427B7 /* FirebaseAuthExample.xcdatamodeld */,
			);
			path = FirebaseAuthExample;
			sourceTree = "<group>";
		};
/* End PBXGroup section */

/* Begin PBXNativeTarget section */
		C6B9198320DA6EAC009427B7 /* FirebaseAuthExample */ = {
			isa = PBXNativeTarget;
			buildConfigurationList = C6B9199920DA6EAC009427B7 /* Build configuration list for PBXNativeTarget "FirebaseAuthExample" */;
			buildPhases = (
				C6B9198020DA6EAC009427B7 /* Sources */,
				C6B9198120DA6EAC009427B7 /* Frameworks */,
				C6B9198220DA6EAC009427B7 /* Resources */,
			);
			buildRules = (
			);
			dependencies = (
			);
			name = FirebaseAuthExample;
			productName = FirebaseAuthExample;
			productReference = C6B9198420DA6EAC009427B7 /* FirebaseAuthExample.app */;
			productType = "com.apple.product-type.application";
		};
/* End PBXNativeTarget section */

/* Begin PBXProject section */
		C6B9197C20DA6EAC009427B7 /* Project object */ = {
			isa = PBXProject;
			attributes = {
				LastSwiftUpdateCheck = 0920;
				LastUpgradeCheck = 0920;
				ORGANIZATIONNAME = "Sean Goldsborough";
				TargetAttributes = {
					C6B9198320DA6EAC009427B7 = {
						CreatedOnToolsVersion = 9.2;
						ProvisioningStyle = Automatic;
					};
				};
			};
			buildConfigurationList = C6B9197F20DA6EAC009427B7 /* Build configuration list for PBXProject "FirebaseAuthExample" */;
			compatibilityVersion = "Xcode 8.0";
			developmentRegion = en;
			hasScannedForEncodings = 0;
			knownRegions = (
				en,
				Base,
			);
			mainGroup = C6B9197B20DA6EAC009427B7;
			productRefGroup = C6B9198520DA6EAC009427B7 /* Products */;
			projectDirPath = "";
			projectRoot = "";
			targets = (
				C6B9198320DA6EAC009427B7 /* FirebaseAuthExample */,
			);
		};
/* End PBXProject section */

/* Begin PBXResourcesBuildPhase section */
		C6B9198220DA6EAC009427B7 /* Resources */ = {
			isa = PBXResourcesBuildPhase;
			buildActionMask = 2147483647;
			files = (
				C6B9199520DA6EAC009427B7 /* LaunchScreen.storyboard in Resources */,
				C6B9199220DA6EAC009427B7 /* Assets.xcassets in Resources */,
				C6B9198D20DA6EAC009427B7 /* Main.storyboard in Resources */,
			);
			runOnlyForDeploymentPostprocessing = 0;
		};
/* End PBXResourcesBuildPhase section */

/* Begin PBXSourcesBuildPhase section */
		C6B9198020DA6EAC009427B7 /* Sources */ = {
			isa = PBXSourcesBuildPhase;
			buildActionMask = 2147483647;
			files = (
				C6B9199020DA6EAC009427B7 /* FirebaseAuthExample.xcdatamodeld in Sources */,
				C6B9198A20DA6EAC009427B7 /* ViewController.swift in Sources */,
				C6B9198820DA6EAC009427B7 /* AppDelegate.swift in Sources */,
			);
			runOnlyForDeploymentPostprocessing = 0;
		};
/* End PBXSourcesBuildPhase section */

/* Begin PBXVariantGroup section */
		C6B9198B20DA6EAC009427B7 /* Main.storyboard */ = {
			isa = PBXVariantGroup;
			children = (
				C6B9198C20DA6EAC009427B7 /* Base */,
			);
			name = Main.storyboard;
			sourceTree = "<group>";
		};
		C6B9199320DA6EAC009427B7 /* LaunchScreen.storyboard */ = {
			isa = PBXVariantGroup;
			children = (
				C6B9199420DA6EAC009427B7 /* Base */,
			);
			name = LaunchScreen.storyboard;
			sourceTree = "<group>";
		};
/* End PBXVariantGroup section */

/* Begin XCBuildConfiguration section */
		C6B9199720DA6EAC009427B7 /* Debug */ = {
			isa = XCBuildConfiguration;
			buildSettings = {
				ALWAYS_SEARCH_USER_PATHS = NO;
				CLANG_ANALYZER_NONNULL = YES;
				CLANG_ANALYZER_NUMBER_OBJECT_CONVERSION = YES_AGGRESSIVE;
				CLANG_CXX_LANGUAGE_STANDARD = "gnu++14";
				CLANG_CXX_LIBRARY = "libc++";
				CLANG_ENABLE_MODULES = YES;
				CLANG_ENABLE_OBJC_ARC = YES;
				CLANG_WARN_BLOCK_CAPTURE_AUTORELEASING = YES;
				CLANG_WARN_BOOL_CONVERSION = YES;
				CLANG_WARN_COMMA = YES;
				CLANG_WARN_CONSTANT_CONVERSION = YES;
				CLANG_WARN_DIRECT_OBJC_ISA_USAGE = YES_ERROR;
				CLANG_WARN_DOCUMENTATION_COMMENTS = YES;
				CLANG_WARN_EMPTY_BODY = YES;
				CLANG_WARN_ENUM_CONVERSION = YES;
				CLANG_WARN_INFINITE_RECURSION = YES;
				CLANG_WARN_INT_CONVERSION = YES;
				CLANG_WARN_NON_LITERAL_NULL_CONVERSION = YES;
				CLANG_WARN_OBJC_LITERAL_CONVERSION = YES;
				CLANG_WARN_OBJC_ROOT_CLASS = YES_ERROR;
				CLANG_WARN_RANGE_LOOP_ANALYSIS = YES;
				CLANG_WARN_STRICT_PROTOTYPES = YES;
				CLANG_WARN_SUSPICIOUS_MOVE = YES;
				CLANG_WARN_UNGUARDED_AVAILABILITY = YES_AGGRESSIVE;
				CLANG_WARN_UNREACHABLE_CODE = YES;
				CLANG_WARN__DUPLICATE_METHOD_MATCH = YES;
				CODE_SIGN_IDENTITY = "iPhone Developer";
				COPY_PHASE_STRIP = NO;
				DEBUG_INFORMATION_FORMAT = dwarf;
				ENABLE_STRICT_OBJC_MSGSEND = YES;
				ENABLE_TESTABILITY = YES;
				GCC_C_LANGUAGE_STANDARD = gnu11;
				GCC_DYNAMIC_NO_PIC = NO;
				GCC_NO_COMMON_BLOCKS = YES;
				GCC_OPTIMIZATION_LEVEL = 0;
				GCC_PREPROCESSOR_DEFINITIONS = (
					"DEBUG=1",
					"$(inherited)",
				);
				GCC_WARN_64_TO_32_BIT_CONVERSION = YES;
				GCC_WARN_ABOUT_RETURN_TYPE = YES_ERROR;
				GCC_WARN_UNDECLARED_SELECTOR = YES;
				GCC_WARN_UNINITIALIZED_AUTOS = YES_AGGRESSIVE;
				GCC_WARN_UNUSED_FUNCTION = YES;
				GCC_WARN_UNUSED_VARIABLE = YES;
				IPHONEOS_DEPLOYMENT_TARGET = 11.2;
				MTL_ENABLE_DEBUG_INFO = YES;
				ONLY_ACTIVE_ARCH = YES;
				SDKROOT = iphoneos;
				SWIFT_ACTIVE_COMPILATION_CONDITIONS = DEBUG;
				SWIFT_OPTIMIZATION_LEVEL = "-Onone";
			};
			name = Debug;
		};
		C6B9199820DA6EAC009427B7 /* Release */ = {
			isa = XCBuildConfiguration;
			buildSettings = {
				ALWAYS_SEARCH_USER_PATHS = NO;
				CLANG_ANALYZER_NONNULL = YES;
				CLANG_ANALYZER_NUMBER_OBJECT_CONVERSION = YES_AGGRESSIVE;
				CLANG_CXX_LANGUAGE_STANDARD = "gnu++14";
				CLANG_CXX_LIBRARY = "libc++";
				CLANG_ENABLE_MODULES = YES;
				CLANG_ENABLE_OBJC_ARC = YES;
				CLANG_WARN_BLOCK_CAPTURE_AUTORELEASING = YES;
				CLANG_WARN_BOOL_CONVERSION = YES;
				CLANG_WARN_COMMA = YES;
				CLANG_WARN_CONSTANT_CONVERSION = YES;
				CLANG_WARN_DIRECT_OBJC_ISA_USAGE = YES_ERROR;
				CLANG_WARN_DOCUMENTATION_COMMENTS = YES;
				CLANG_WARN_EMPTY_BODY = YES;
				CLANG_WARN_ENUM_CONVERSION = YES;
				CLANG_WARN_INFINITE_RECURSION = YES;
				CLANG_WARN_INT_CONVERSION = YES;
				CLANG_WARN_NON_LITERAL_NULL_CONVERSION = YES;
				CLANG_WARN_OBJC_LITERAL_CONVERSION = YES;
				CLANG_WARN_OBJC_ROOT_CLASS = YES_ERROR;
				CLANG_WARN_RANGE_LOOP_ANALYSIS = YES;
				CLANG_WARN_STRICT_PROTOTYPES = YES;
				CLANG_WARN_SUSPICIOUS_MOVE = YES;
				CLANG_WARN_UNGUARDED_AVAILABILITY = YES_AGGRESSIVE;
				CLANG_WARN_UNREACHABLE_CODE = YES;
				CLANG_WARN__DUPLICATE_METHOD_MATCH = YES;
				CODE_SIGN_IDENTITY = "iPhone Developer";
				COPY_PHASE_STRIP = NO;
				DEBUG_INFORMATION_FORMAT = "dwarf-with-dsym";
				ENABLE_NS_ASSERTIONS = NO;
				ENABLE_STRICT_OBJC_MSGSEND = YES;
				GCC_C_LANGUAGE_STANDARD = gnu11;
				GCC_NO_COMMON_BLOCKS = YES;
				GCC_WARN_64_TO_32_BIT_CONVERSION = YES;
				GCC_WARN_ABOUT_RETURN_TYPE = YES_ERROR;
				GCC_WARN_UNDECLARED_SELECTOR = YES;
				GCC_WARN_UNINITIALIZED_AUTOS = YES_AGGRESSIVE;
				GCC_WARN_UNUSED_FUNCTION = YES;
				GCC_WARN_UNUSED_VARIABLE = YES;
				IPHONEOS_DEPLOYMENT_TARGET = 11.2;
				MTL_ENABLE_DEBUG_INFO = NO;
				SDKROOT = iphoneos;
				SWIFT_OPTIMIZATION_LEVEL = "-Owholemodule";
				VALIDATE_PRODUCT = YES;
			};
			name = Release;
		};
		C6B9199A20DA6EAC009427B7 /* Debug */ = {
			isa = XCBuildConfiguration;
			buildSettings = {
				ASSETCATALOG_COMPILER_APPICON_NAME = AppIcon;
				CODE_SIGN_STYLE = Automatic;
				DEVELOPMENT_TEAM = 3NA78F3F7G;
				INFOPLIST_FILE = FirebaseAuthExample/Info.plist;
				LD_RUNPATH_SEARCH_PATHS = "$(inherited) @executable_path/Frameworks";
				PRODUCT_BUNDLE_IDENTIFIER = com.sean.FirebaseAuthExample;
				PRODUCT_NAME = "$(TARGET_NAME)";
				SWIFT_VERSION = 4.0;
				TARGETED_DEVICE_FAMILY = "1,2";
			};
			name = Debug;
		};
		C6B9199B20DA6EAC009427B7 /* Release */ = {
			isa = XCBuildConfiguration;
			buildSettings = {
				ASSETCATALOG_COMPILER_APPICON_NAME = AppIcon;
				CODE_SIGN_STYLE = Automatic;
				DEVELOPMENT_TEAM = 3NA78F3F7G;
				INFOPLIST_FILE = FirebaseAuthExample/Info.plist;
				LD_RUNPATH_SEARCH_PATHS = "$(inherited) @executable_path/Frameworks";
				PRODUCT_BUNDLE_IDENTIFIER = com.sean.FirebaseAuthExample;
				PRODUCT_NAME = "$(TARGET_NAME)";
				SWIFT_VERSION = 4.0;
				TARGETED_DEVICE_FAMILY = "1,2";
			};
			name = Release;
		};
/* End XCBuildConfiguration section */

/* Begin XCConfigurationList section */
		C6B9197F20DA6EAC009427B7 /* Build configuration list for PBXProject "FirebaseAuthExample" */ = {
			isa = XCConfigurationList;
			buildConfigurations = (
				C6B9199720DA6EAC009427B7 /* Debug */,
				C6B9199820DA6EAC009427B7 /* Release */,
			);
			defaultConfigurationIsVisible = 0;
			defaultConfigurationName = Release;
		};
		C6B9199920DA6EAC009427B7 /* Build configuration list for PBXNativeTarget "FirebaseAuthExample" */ = {
			isa = XCConfigurationList;
			buildConfigurations = (
				C6B9199A20DA6EAC009427B7 /* Debug */,
				C6B9199B20DA6EAC009427B7 /* Release */,
			);
			defaultConfigurationIsVisible = 0;
			defaultConfigurationName = Release;
		};
/* End XCConfigurationList section */

/* Begin XCVersionGroup section */
		C6B9198E20DA6EAC009427B7 /* FirebaseAuthExample.xcdatamodeld */ = {
			isa = XCVersionGroup;
			children = (
				C6B9198F20DA6EAC009427B7 /* FirebaseAuthExample.xcdatamodel */,
			);
			currentVersion = C6B9198F20DA6EAC009427B7 /* FirebaseAuthExample.xcdatamodel */;
			path = FirebaseAuthExample.xcdatamodeld;
			sourceTree = "<group>";
			versionGroupType = wrapper.xcdatamodel;
		};
/* End XCVersionGroup section */
	};
	rootObject = C6B9197C20DA6EAC009427B7 /* Project object */;
}
